
Microsoft Visual Studio Solution File, Format Version 12.00
# Visual Studio Version 17
VisualStudioVersion = 17.9.34728.123
MinimumVisualStudioVersion = 10.0.40219.1
Project("{8BC9CEB8-8B4A-11D0-8D11-00A0C91BC942}") = "Program", "Program.vcxproj", "{F5CFC865-F8C1-499D-B50B-6A9203199EC5}"
EndProject
Project("{8BC9CEB8-8B4A-11D0-8D11-00A0C91BC942}") = "Class1th (stream)", "..\Class1th (stream)\Class1th (stream).vcxproj", "{9E4B858A-910F-40D3-925F-6BFD3CAE528F}"
EndProject
Project("{8BC9CEB8-8B4A-11D0-8D11-00A0C91BC942}") = "Class2th (Class)", "..\Class2th (Class)\Class2th (Class).vcxproj", "{3921F166-A32C-456C-AEAE-856646AF38DF}"
EndProject
Project("{8BC9CEB8-8B4A-11D0-8D11-00A0C91BC942}") = "Class3th (Constructor & Destructor)", "..\Class3th (Constructor & Destructor)\Class3th (Constructor & Destructor).vcxproj", "{D8BA02D7-3027-4EB4-A08A-CAD9DE3F41EC}"
EndProject
Project("{8BC9CEB8-8B4A-11D0-8D11-00A0C91BC942}") = "Class4th (Shallow Copy & Deep Copy", "..\Class4th (Shallow Copy & Deep Copy\Class4th (Shallow Copy & Deep Copy.vcxproj", "{471B2DF3-B18D-427D-8588-FE5FC91F3631}"
EndProject
Project("{8BC9CEB8-8B4A-11D0-8D11-00A0C91BC942}") = "Class5th (inheritance)", "..\Class5th (inheritance)\Class5th (inheritance).vcxproj", "{90262E3A-EC40-4873-9505-54F64F68AE28}"
EndProject
Project("{8BC9CEB8-8B4A-11D0-8D11-00A0C91BC942}") = "class6th (Polymorphism)", "..\class6th (Polymorphism)\class6th (Polymorphism).vcxproj", "{6B1E3F3D-C687-4A45-BB79-C4084601297E}"
EndProject
Global
	GlobalSection(SolutionConfigurationPlatforms) = preSolution
		Debug|x64 = Debug|x64
		Debug|x86 = Debug|x86
		Release|x64 = Release|x64
		Release|x86 = Release|x86
	EndGlobalSection
	GlobalSection(ProjectConfigurationPlatforms) = postSolution
		{F5CFC865-F8C1-499D-B50B-6A9203199EC5}.Debug|x64.ActiveCfg = Debug|x64
		{F5CFC865-F8C1-499D-B50B-6A9203199EC5}.Debug|x64.Build.0 = Debug|x64
		{F5CFC865-F8C1-499D-B50B-6A9203199EC5}.Debug|x86.ActiveCfg = Debug|Win32
		{F5CFC865-F8C1-499D-B50B-6A9203199EC5}.Debug|x86.Build.0 = Debug|Win32
		{F5CFC865-F8C1-499D-B50B-6A9203199EC5}.Release|x64.ActiveCfg = Release|x64
		{F5CFC865-F8C1-499D-B50B-6A9203199EC5}.Release|x64.Build.0 = Release|x64
		{F5CFC865-F8C1-499D-B50B-6A9203199EC5}.Release|x86.ActiveCfg = Release|Win32
		{F5CFC865-F8C1-499D-B50B-6A9203199EC5}.Release|x86.Build.0 = Release|Win32
		{9E4B858A-910F-40D3-925F-6BFD3CAE528F}.Debug|x64.ActiveCfg = Debug|x64
		{9E4B858A-910F-40D3-925F-6BFD3CAE528F}.Debug|x64.Build.0 = Debug|x64
		{9E4B858A-910F-40D3-925F-6BFD3CAE528F}.Debug|x86.ActiveCfg = Debug|Win32
		{9E4B858A-910F-40D3-925F-6BFD3CAE528F}.Debug|x86.Build.0 = Debug|Win32
		{9E4B858A-910F-40D3-925F-6BFD3CAE528F}.Release|x64.ActiveCfg = Release|x64
		{9E4B858A-910F-40D3-925F-6BFD3CAE528F}.Release|x64.Build.0 = Release|x64
		{9E4B858A-910F-40D3-925F-6BFD3CAE528F}.Release|x86.ActiveCfg = Release|Win32
		{9E4B858A-910F-40D3-925F-6BFD3CAE528F}.Release|x86.Build.0 = Release|Win32
		{3921F166-A32C-456C-AEAE-856646AF38DF}.Debug|x64.ActiveCfg = Debug|x64
		{3921F166-A32C-456C-AEAE-856646AF38DF}.Debug|x64.Build.0 = Debug|x64
		{3921F166-A32C-456C-AEAE-856646AF38DF}.Debug|x86.ActiveCfg = Debug|Win32
		{3921F166-A32C-456C-AEAE-856646AF38DF}.Debug|x86.Build.0 = Debug|Win32
		{3921F166-A32C-456C-AEAE-856646AF38DF}.Release|x64.ActiveCfg = Release|x64
		{3921F166-A32C-456C-AEAE-856646AF38DF}.Release|x64.Build.0 = Release|x64
		{3921F166-A32C-456C-AEAE-856646AF38DF}.Release|x86.ActiveCfg = Release|Win32
		{3921F166-A32C-456C-AEAE-856646AF38DF}.Release|x86.Build.0 = Release|Win32
		{D8BA02D7-3027-4EB4-A08A-CAD9DE3F41EC}.Debug|x64.ActiveCfg = Debug|x64
		{D8BA02D7-3027-4EB4-A08A-CAD9DE3F41EC}.Debug|x64.Build.0 = Debug|x64
		{D8BA02D7-3027-4EB4-A08A-CAD9DE3F41EC}.Debug|x86.ActiveCfg = Debug|Win32
		{D8BA02D7-3027-4EB4-A08A-CAD9DE3F41EC}.Debug|x86.Build.0 = Debug|Win32
		{D8BA02D7-3027-4EB4-A08A-CAD9DE3F41EC}.Release|x64.ActiveCfg = Release|x64
		{D8BA02D7-3027-4EB4-A08A-CAD9DE3F41EC}.Release|x64.Build.0 = Release|x64
		{D8BA02D7-3027-4EB4-A08A-CAD9DE3F41EC}.Release|x86.ActiveCfg = Release|Win32
		{D8BA02D7-3027-4EB4-A08A-CAD9DE3F41EC}.Release|x86.Build.0 = Release|Win32
		{471B2DF3-B18D-427D-8588-FE5FC91F3631}.Debug|x64.ActiveCfg = Debug|x64
		{471B2DF3-B18D-427D-8588-FE5FC91F3631}.Debug|x64.Build.0 = Debug|x64
		{471B2DF3-B18D-427D-8588-FE5FC91F3631}.Debug|x86.ActiveCfg = Debug|Win32
		{471B2DF3-B18D-427D-8588-FE5FC91F3631}.Debug|x86.Build.0 = Debug|Win32
		{471B2DF3-B18D-427D-8588-FE5FC91F3631}.Release|x64.ActiveCfg = Release|x64
		{471B2DF3-B18D-427D-8588-FE5FC91F3631}.Release|x64.Build.0 = Release|x64
		{471B2DF3-B18D-427D-8588-FE5FC91F3631}.Release|x86.ActiveCfg = Release|Win32
		{471B2DF3-B18D-427D-8588-FE5FC91F3631}.Release|x86.Build.0 = Release|Win32
		{90262E3A-EC40-4873-9505-54F64F68AE28}.Debug|x64.ActiveCfg = Debug|x64
		{90262E3A-EC40-4873-9505-54F64F68AE28}.Debug|x64.Build.0 = Debug|x64
		{90262E3A-EC40-4873-9505-54F64F68AE28}.Debug|x86.ActiveCfg = Debug|Win32
		{90262E3A-EC40-4873-9505-54F64F68AE28}.Debug|x86.Build.0 = Debug|Win32
		{90262E3A-EC40-4873-9505-54F64F68AE28}.Release|x64.ActiveCfg = Release|x64
		{90262E3A-EC40-4873-9505-54F64F68AE28}.Release|x64.Build.0 = Release|x64
		{90262E3A-EC40-4873-9505-54F64F68AE28}.Release|x86.ActiveCfg = Release|Win32
		{90262E3A-EC40-4873-9505-54F64F68AE28}.Release|x86.Build.0 = Release|Win32
		{6B1E3F3D-C687-4A45-BB79-C4084601297E}.Debug|x64.ActiveCfg = Debug|x64
		{6B1E3F3D-C687-4A45-BB79-C4084601297E}.Debug|x64.Build.0 = Debug|x64
		{6B1E3F3D-C687-4A45-BB79-C4084601297E}.Debug|x86.ActiveCfg = Debug|Win32
		{6B1E3F3D-C687-4A45-BB79-C4084601297E}.Debug|x86.Build.0 = Debug|Win32
		{6B1E3F3D-C687-4A45-BB79-C4084601297E}.Release|x64.ActiveCfg = Release|x64
		{6B1E3F3D-C687-4A45-BB79-C4084601297E}.Release|x64.Build.0 = Release|x64
		{6B1E3F3D-C687-4A45-BB79-C4084601297E}.Release|x86.ActiveCfg = Release|Win32
		{6B1E3F3D-C687-4A45-BB79-C4084601297E}.Release|x86.Build.0 = Release|Win32
	EndGlobalSection
	GlobalSection(SolutionProperties) = preSolution
		HideSolutionNode = FALSE
	EndGlobalSection
	GlobalSection(ExtensibilityGlobals) = postSolution
		SolutionGuid = {80DED507-A5F9-4DF3-9807-CE7FC990ECF6}
	EndGlobalSection
EndGlobal
